// !$*UTF8*$!
{
	archiveVersion = 1;
	classes = {
	};
	objectVersion = 46;
	objects = {

/* Begin PBXBuildFile section */
		1609AF621E3963A90036A4A6 /* AFMInfoBanner.h in Headers */ = {isa = PBXBuildFile; fileRef = 1609AF601E3963A90036A4A6 /* AFMInfoBanner.h */; settings = {ATTRIBUTES = (Public, ); }; };
		1659BC6D1E39641B00E901F4 /* InfoBanner.h in Headers */ = {isa = PBXBuildFile; fileRef = 1659BC6B1E39641B00E901F4 /* InfoBanner.h */; settings = {ATTRIBUTES = (Public, ); }; };
		1659BC6E1E39641B00E901F4 /* InfoBanner.m in Sources */ = {isa = PBXBuildFile; fileRef = 1659BC6C1E39641B00E901F4 /* InfoBanner.m */; };
		1659BC7A1E39699D00E901F4 /* CVKHierarchySearcher.h in Headers */ = {isa = PBXBuildFile; fileRef = 1659BC771E39699D00E901F4 /* CVKHierarchySearcher.h */; };
		1659BC7B1E39699D00E901F4 /* CVKHierarchySearcher.m in Sources */ = {isa = PBXBuildFile; fileRef = 1659BC781E39699D00E901F4 /* CVKHierarchySearcher.m */; };
		1659BC7C1E39699D00E901F4 /* ViewControllerHierarchy.h in Headers */ = {isa = PBXBuildFile; fileRef = 1659BC791E39699D00E901F4 /* ViewControllerHierarchy.h */; };
/* End PBXBuildFile section */

/* Begin PBXFileReference section */
		1609AF5D1E3963A90036A4A6 /* AFMInfoBanner.framework */ = {isa = PBXFileReference; explicitFileType = wrapper.framework; includeInIndex = 0; path = AFMInfoBanner.framework; sourceTree = BUILT_PRODUCTS_DIR; };
		1609AF601E3963A90036A4A6 /* AFMInfoBanner.h */ = {isa = PBXFileReference; lastKnownFileType = sourcecode.c.h; path = AFMInfoBanner.h; sourceTree = "<group>"; };
		1609AF611E3963A90036A4A6 /* Info.plist */ = {isa = PBXFileReference; lastKnownFileType = text.plist.xml; path = Info.plist; sourceTree = "<group>"; };
		1659BC6B1E39641B00E901F4 /* InfoBanner.h */ = {isa = PBXFileReference; fileEncoding = 4; lastKnownFileType = sourcecode.c.h; path = InfoBanner.h; sourceTree = "<group>"; };
		1659BC6C1E39641B00E901F4 /* InfoBanner.m */ = {isa = PBXFileReference; fileEncoding = 4; lastKnownFileType = sourcecode.c.objc; path = InfoBanner.m; sourceTree = "<group>"; };
		1659BC771E39699D00E901F4 /* CVKHierarchySearcher.h */ = {isa = PBXFileReference; fileEncoding = 4; lastKnownFileType = sourcecode.c.h; path = CVKHierarchySearcher.h; sourceTree = "<group>"; };
		1659BC781E39699D00E901F4 /* CVKHierarchySearcher.m */ = {isa = PBXFileReference; fileEncoding = 4; lastKnownFileType = sourcecode.c.objc; path = CVKHierarchySearcher.m; sourceTree = "<group>"; };
		1659BC791E39699D00E901F4 /* ViewControllerHierarchy.h */ = {isa = PBXFileReference; fileEncoding = 4; lastKnownFileType = sourcecode.c.h; path = ViewControllerHierarchy.h; sourceTree = "<group>"; };
/* End PBXFileReference section */

/* Begin PBXFrameworksBuildPhase section */
		1609AF591E3963A90036A4A6 /* Frameworks */ = {
			isa = PBXFrameworksBuildPhase;
			buildActionMask = 2147483647;
			files = (
			);
			runOnlyForDeploymentPostprocessing = 0;
		};
/* End PBXFrameworksBuildPhase section */

/* Begin PBXGroup section */
		1609AF531E3963A90036A4A6 = {
			isa = PBXGroup;
			children = (
				1609AF5F1E3963A90036A4A6 /* AFMInfoBanner */,
				1609AF5E1E3963A90036A4A6 /* Products */,
			);
			sourceTree = "<group>";
		};
		1609AF5E1E3963A90036A4A6 /* Products */ = {
			isa = PBXGroup;
			children = (
				1609AF5D1E3963A90036A4A6 /* AFMInfoBanner.framework */,
			);
			name = Products;
			sourceTree = "<group>";
		};
		1609AF5F1E3963A90036A4A6 /* AFMInfoBanner */ = {
			isa = PBXGroup;
			children = (
				1659BC761E39699D00E901F4 /* CVKHierarchySearcher */,
				1609AF601E3963A90036A4A6 /* AFMInfoBanner.h */,
				1659BC6B1E39641B00E901F4 /* InfoBanner.h */,
				1659BC6C1E39641B00E901F4 /* InfoBanner.m */,
				1609AF611E3963A90036A4A6 /* Info.plist */,
			);
			path = AFMInfoBanner;
			sourceTree = "<group>";
		};
		1659BC761E39699D00E901F4 /* CVKHierarchySearcher */ = {
			isa = PBXGroup;
			children = (
				1659BC771E39699D00E901F4 /* CVKHierarchySearcher.h */,
				1659BC781E39699D00E901F4 /* CVKHierarchySearcher.m */,
				1659BC791E39699D00E901F4 /* ViewControllerHierarchy.h */,
			);
			path = CVKHierarchySearcher;
			sourceTree = "<group>";
		};
/* End PBXGroup section */

/* Begin PBXHeadersBuildPhase section */
		1609AF5A1E3963A90036A4A6 /* Headers */ = {
			isa = PBXHeadersBuildPhase;
			buildActionMask = 2147483647;
			files = (
				1609AF621E3963A90036A4A6 /* AFMInfoBanner.h in Headers */,
				1659BC6D1E39641B00E901F4 /* InfoBanner.h in Headers */,
				1659BC7C1E39699D00E901F4 /* ViewControllerHierarchy.h in Headers */,
				1659BC7A1E39699D00E901F4 /* CVKHierarchySearcher.h in Headers */,
			);
			runOnlyForDeploymentPostprocessing = 0;
		};
/* End PBXHeadersBuildPhase section */

/* Begin PBXNativeTarget section */
		1609AF5C1E3963A90036A4A6 /* AFMInfoBanner */ = {
			isa = PBXNativeTarget;
			buildConfigurationList = 1609AF651E3963A90036A4A6 /* Build configuration list for PBXNativeTarget "AFMInfoBanner" */;
			buildPhases = (
				1609AF581E3963A90036A4A6 /* Sources */,
				1609AF591E3963A90036A4A6 /* Frameworks */,
				1609AF5A1E3963A90036A4A6 /* Headers */,
				1609AF5B1E3963A90036A4A6 /* Resources */,
			);
			buildRules = (
			);
			dependencies = (
			);
			name = AFMInfoBanner;
			productName = AFMInfoBanner;
			productReference = 1609AF5D1E3963A90036A4A6 /* AFMInfoBanner.framework */;
			productType = "com.apple.product-type.framework";
		};
/* End PBXNativeTarget section */

/* Begin PBXProject section */
		1609AF541E3963A90036A4A6 /* Project object */ = {
			isa = PBXProject;
			attributes = {
				LastUpgradeCheck = 0820;
				ORGANIZATIONNAME = Ask.fm;
				TargetAttributes = {
					1609AF5C1E3963A90036A4A6 = {
						CreatedOnToolsVersion = 8.2.1;
						DevelopmentTeam = 322D29FGSC;
						ProvisioningStyle = Automatic;
					};
				};
			};
			buildConfigurationList = 1609AF571E3963A90036A4A6 /* Build configuration list for PBXProject "AFMInfoBanner" */;
			compatibilityVersion = "Xcode 3.2";
			developmentRegion = English;
			hasScannedForEncodings = 0;
			knownRegions = (
				en,
			);
			mainGroup = 1609AF531E3963A90036A4A6;
			productRefGroup = 1609AF5E1E3963A90036A4A6 /* Products */;
			projectDirPath = "";
			projectRoot = "";
			targets = (
				1609AF5C1E3963A90036A4A6 /* AFMInfoBanner */,
			);
		};
/* End PBXProject section */

/* Begin PBXResourcesBuildPhase section */
		1609AF5B1E3963A90036A4A6 /* Resources */ = {
			isa = PBXResourcesBuildPhase;
			buildActionMask = 2147483647;
			files = (
			);
			runOnlyForDeploymentPostprocessing = 0;
		};
/* End PBXResourcesBuildPhase section */

/* Begin PBXSourcesBuildPhase section */
		1609AF581E3963A90036A4A6 /* Sources */ = {
			isa = PBXSourcesBuildPhase;
			buildActionMask = 2147483647;
			files = (
				1659BC6E1E39641B00E901F4 /* InfoBanner.m in Sources */,
				1659BC7B1E39699D00E901F4 /* CVKHierarchySearcher.m in Sources */,
			);
			runOnlyForDeploymentPostprocessing = 0;
		};
/* End PBXSourcesBuildPhase section */

/* Begin XCBuildConfiguration section */
		1609AF631E3963A90036A4A6 /* Debug */ = {
			isa = XCBuildConfiguration;
			buildSettings = {
				ALWAYS_SEARCH_USER_PATHS = NO;
				CLANG_ANALYZER_NONNULL = YES;
				CLANG_CXX_LANGUAGE_STANDARD = "gnu++0x";
				CLANG_CXX_LIBRARY = "libc++";
				CLANG_ENABLE_MODULES = YES;
				CLANG_ENABLE_OBJC_ARC = YES;
				CLANG_WARN_BOOL_CONVERSION = YES;
				CLANG_WARN_CONSTANT_CONVERSION = YES;
				CLANG_WARN_DIRECT_OBJC_ISA_USAGE = YES_ERROR;
				CLANG_WARN_DOCUMENTATION_COMMENTS = YES;
				CLANG_WARN_EMPTY_BODY = YES;
				CLANG_WARN_ENUM_CONVERSION = YES;
				CLANG_WARN_INFINITE_RECURSION = YES;
				CLANG_WARN_INT_CONVERSION = YES;
				CLANG_WARN_OBJC_ROOT_CLASS = YES_ERROR;
				CLANG_WARN_SUSPICIOUS_MOVE = YES;
				CLANG_WARN_UNREACHABLE_CODE = YES;
				CLANG_WARN__DUPLICATE_METHOD_MATCH = YES;
				"CODE_SIGN_IDENTITY[sdk=iphoneos*]" = "iPhone Developer";
				COPY_PHASE_STRIP = NO;
				CURRENT_PROJECT_VERSION = 1;
				DEBUG_INFORMATION_FORMAT = dwarf;
				ENABLE_STRICT_OBJC_MSGSEND = YES;
				ENABLE_TESTABILITY = YES;
				GCC_C_LANGUAGE_STANDARD = gnu99;
				GCC_DYNAMIC_NO_PIC = NO;
				GCC_NO_COMMON_BLOCKS = YES;
				GCC_OPTIMIZATION_LEVEL = 0;
				GCC_PREPROCESSOR_DEFINITIONS = (
					"DEBUG=1",
					"$(inherited)",
				);
				GCC_WARN_64_TO_32_BIT_CONVERSION = YES;
				GCC_WARN_ABOUT_RETURN_TYPE = YES_ERROR;
				GCC_WARN_UNDECLARED_SELECTOR = YES;
				GCC_WARN_UNINITIALIZED_AUTOS = YES_AGGRESSIVE;
				GCC_WARN_UNUSED_FUNCTION = YES;
				GCC_WARN_UNUSED_VARIABLE = YES;
				IPHONEOS_DEPLOYMENT_TARGET = 8.0;
				MTL_ENABLE_DEBUG_INFO = YES;
				ONLY_ACTIVE_ARCH = YES;
				SDKROOT = iphoneos;
				SWIFT_ACTIVE_COMPILATION_CONDITIONS = DEBUG;
				SWIFT_OPTIMIZATION_LEVEL = "-Onone";
				TARGETED_DEVICE_FAMILY = "1,2";
				VERSIONING_SYSTEM = "apple-generic";
				VERSION_INFO_PREFIX = "";
			};
			name = Debug;
		};
		1609AF641E3963A90036A4A6 /* Release */ = {
			isa = XCBuildConfiguration;
			buildSettings = {
				ALWAYS_SEARCH_USER_PATHS = NO;
				CLANG_ANALYZER_NONNULL = YES;
				CLANG_CXX_LANGUAGE_STANDARD = "gnu++0x";
				CLANG_CXX_LIBRARY = "libc++";
				CLANG_ENABLE_MODULES = YES;
				CLANG_ENABLE_OBJC_ARC = YES;
				CLANG_WARN_BOOL_CONVERSION = YES;
				CLANG_WARN_CONSTANT_CONVERSION = YES;
				CLANG_WARN_DIRECT_OBJC_ISA_USAGE = YES_ERROR;
				CLANG_WARN_DOCUMENTATION_COMMENTS = YES;
				CLANG_WARN_EMPTY_BODY = YES;
				CLANG_WARN_ENUM_CONVERSION = YES;
				CLANG_WARN_INFINITE_RECURSION = YES;
				CLANG_WARN_INT_CONVERSION = YES;
				CLANG_WARN_OBJC_ROOT_CLASS = YES_ERROR;
				CLANG_WARN_SUSPICIOUS_MOVE = YES;
				CLANG_WARN_UNREACHABLE_CODE = YES;
				CLANG_WARN__DUPLICATE_METHOD_MATCH = YES;
				"CODE_SIGN_IDENTITY[sdk=iphoneos*]" = "iPhone Developer";
				COPY_PHASE_STRIP = NO;
				CURRENT_PROJECT_VERSION = 1;
				DEBUG_INFORMATION_FORMAT = "dwarf-with-dsym";
				ENABLE_NS_ASSERTIONS = NO;
				ENABLE_STRICT_OBJC_MSGSEND = YES;
				GCC_C_LANGUAGE_STANDARD = gnu99;
				GCC_NO_COMMON_BLOCKS = YES;
				GCC_WARN_64_TO_32_BIT_CONVERSION = YES;
				GCC_WARN_ABOUT_RETURN_TYPE = YES_ERROR;
				GCC_WARN_UNDECLARED_SELECTOR = YES;
				GCC_WARN_UNINITIALIZED_AUTOS = YES_AGGRESSIVE;
				GCC_WARN_UNUSED_FUNCTION = YES;
				GCC_WARN_UNUSED_VARIABLE = YES;
				IPHONEOS_DEPLOYMENT_TARGET = 8.0;
				MTL_ENABLE_DEBUG_INFO = NO;
				SDKROOT = iphoneos;
				SWIFT_OPTIMIZATION_LEVEL = "-Owholemodule";
				TARGETED_DEVICE_FAMILY = "1,2";
				VALIDATE_PRODUCT = YES;
				VERSIONING_SYSTEM = "apple-generic";
				VERSION_INFO_PREFIX = "";
			};
			name = Release;
		};
		1609AF661E3963A90036A4A6 /* Debug */ = {
			isa = XCBuildConfiguration;
			buildSettings = {
				CODE_SIGN_IDENTITY = "";
				DEFINES_MODULE = YES;
				DEVELOPMENT_TEAM = 322D29FGSC;
				DYLIB_COMPATIBILITY_VERSION = 1;
				DYLIB_CURRENT_VERSION = 1;
				DYLIB_INSTALL_NAME_BASE = "@rpath";
				INFOPLIST_FILE = AFMInfoBanner/Info.plist;
				INSTALL_PATH = "$(LOCAL_LIBRARY_DIR)/Frameworks";
				LD_RUNPATH_SEARCH_PATHS = "$(inherited) @executable_path/Frameworks @loader_path/Frameworks";
				PRODUCT_BUNDLE_IDENTIFIER = fm.ask.AFMInfoBanner;
				PRODUCT_NAME = "$(TARGET_NAME)";
				SKIP_INSTALL = YES;
				SWIFT_VERSION = 3.0;
			};
			name = Debug;
		};
		1609AF671E3963A90036A4A6 /* Release */ = {
			isa = XCBuildConfiguration;
			buildSettings = {
				CODE_SIGN_IDENTITY = "";
				DEFINES_MODULE = YES;
				DEVELOPMENT_TEAM = 322D29FGSC;
				DYLIB_COMPATIBILITY_VERSION = 1;
				DYLIB_CURRENT_VERSION = 1;
				DYLIB_INSTALL_NAME_BASE = "@rpath";
				INFOPLIST_FILE = AFMInfoBanner/Info.plist;
				INSTALL_PATH = "$(LOCAL_LIBRARY_DIR)/Frameworks";
				LD_RUNPATH_SEARCH_PATHS = "$(inherited) @executable_path/Frameworks @loader_path/Frameworks";
				PRODUCT_BUNDLE_IDENTIFIER = fm.ask.AFMInfoBanner;
				PRODUCT_NAME = "$(TARGET_NAME)";
				SKIP_INSTALL = YES;
				SWIFT_VERSION = 3.0;
			};
			name = Release;
		};
/* End XCBuildConfiguration section */

/* Begin XCConfigurationList section */
		1609AF571E3963A90036A4A6 /* Build configuration list for PBXProject "AFMInfoBanner" */ = {
			isa = XCConfigurationList;
			buildConfigurations = (
				1609AF631E3963A90036A4A6 /* Debug */,
				1609AF641E3963A90036A4A6 /* Release */,
			);
			defaultConfigurationIsVisible = 0;
			defaultConfigurationName = Release;
		};
		1609AF651E3963A90036A4A6 /* Build configuration list for PBXNativeTarget "AFMInfoBanner" */ = {
			isa = XCConfigurationList;
			buildConfigurations = (
				1609AF661E3963A90036A4A6 /* Debug */,
				1609AF671E3963A90036A4A6 /* Release */,
			);
			defaultConfigurationIsVisible = 0;
			defaultConfigurationName = Release;
		};
/* End XCConfigurationList section */
	};
	rootObject = 1609AF541E3963A90036A4A6 /* Project object */;
}
